{
  "version": 4,
  "terraform_version": "0.12.0",
  "serial": 4,
  "lineage": "0a33e282-e18e-a7d1-80e6-a82489af529f",
  "outputs": {},
  "resources": [
    {
      "mode": "data",
      "type": "azurerm_client_config",
      "name": "test",
      "provider": "provider.azurerm",
      "instances": [
        {
          "schema_version": 0,
          "attributes": {
            "client_id": "04b07795-8ddb-461a-bbee-02f9e1bf7b46",
            "id": "2019-08-26 14:50:18.1718083 +0000 UTC",
            "service_principal_application_id": "",
            "service_principal_object_id": "",
            "subscription_id": "c350320c-cde9-4dc6-80d4-9716a8383ba0",
            "tenant_id": "96ebc288-5597-4f56-9cd3-6b9b6bfa07af"
          }
        }
      ]
    },
    {
      "mode": "data",
      "type": "azurerm_subscription",
      "name": "primary",
      "provider": "provider.azurerm",
      "instances": [
        {
          "schema_version": 0,
          "attributes": {
            "display_name": "Pay-As-You-Go",
            "id": "/subscriptions/c350320c-cde9-4dc6-80d4-9716a8383ba0",
            "location_placement_id": "PublicAndIndia_2015-09-01",
            "quota_id": "PayAsYouGo_2014-09-01",
            "spending_limit": "Off",
            "state": "Enabled",
            "subscription_id": "c350320c-cde9-4dc6-80d4-9716a8383ba0"
          }
        }
      ]
    },
    {
      "mode": "managed",
      "type": "azurerm_role_assignment",
      "name": "test",
      "provider": "provider.azurerm",
      "instances": [
        {
          "schema_version": 0,
          "attributes": {
            "id": "/subscriptions/c350320c-cde9-4dc6-80d4-9716a8383ba0/providers/Microsoft.Authorization/roleAssignments/1c676d0e-57a5-abc0-ce8e-d29558fd1342",
            "name": "1c676d0e-57a5-abc0-ce8e-d29558fd1342",
            "principal_id": "aadbfa7d-1ce6-4a93-8d23-3790a9cb5ab0",
            "role_definition_id": "/subscriptions/c350320c-cde9-4dc6-80d4-9716a8383ba0/providers/Microsoft.Authorization/roleDefinitions/b24988ac-6180-42a0-ab88-20f7382dd24c",
            "role_definition_name": "Contributor",
            "scope": "/subscriptions/c350320c-cde9-4dc6-80d4-9716a8383ba0"
          }
        }
      ]
    }
  ]
}
